
Microsoft Visual Studio Solution File, Format Version 12.00
# Visual Studio 15
Project("{FAE04EC0-301F-11D3-BF4B-00C04F79EFBC}") = "AstarPathfindingProject", "AstarPathfindingProject.csproj", "{1B13119A-8087-303C-7E39-E9E6D30029F9}"
EndProject
Project("{FAE04EC0-301F-11D3-BF4B-00C04F79EFBC}") = "Assembly-CSharp", "Assembly-CSharp.csproj", "{7A90DE06-A371-72E9-4088-B827659AC59A}"
EndProject
Project("{FAE04EC0-301F-11D3-BF4B-00C04F79EFBC}") = "PackageToolsEditor", "PackageToolsEditor.csproj", "{37418A9C-3FFB-62BE-C17F-C74C5B58C094}"
EndProject
Project("{FAE04EC0-301F-11D3-BF4B-00C04F79EFBC}") = "AstarPathfindingProjectEditor", "AstarPathfindingProjectEditor.csproj", "{1AF26B10-2DE4-F817-D8F6-FA6F39147745}"
EndProject
Global
	GlobalSection(SolutionConfigurationPlatforms) = preSolution
		Debug|Any CPU = Debug|Any CPU
		Release|Any CPU = Release|Any CPU
	EndGlobalSection
	GlobalSection(ProjectConfigurationPlatforms) = postSolution
		{1B13119A-8087-303C-7E39-E9E6D30029F9}.Debug|Any CPU.ActiveCfg = Debug|Any CPU
		{1B13119A-8087-303C-7E39-E9E6D30029F9}.Debug|Any CPU.Build.0 = Debug|Any CPU
		{1B13119A-8087-303C-7E39-E9E6D30029F9}.Release|Any CPU.ActiveCfg = Release|Any CPU
		{1B13119A-8087-303C-7E39-E9E6D30029F9}.Release|Any CPU.Build.0 = Release|Any CPU
		{7A90DE06-A371-72E9-4088-B827659AC59A}.Debug|Any CPU.ActiveCfg = Debug|Any CPU
		{7A90DE06-A371-72E9-4088-B827659AC59A}.Debug|Any CPU.Build.0 = Debug|Any CPU
		{7A90DE06-A371-72E9-4088-B827659AC59A}.Release|Any CPU.ActiveCfg = Release|Any CPU
		{7A90DE06-A371-72E9-4088-B827659AC59A}.Release|Any CPU.Build.0 = Release|Any CPU
		{37418A9C-3FFB-62BE-C17F-C74C5B58C094}.Debug|Any CPU.ActiveCfg = Debug|Any CPU
		{37418A9C-3FFB-62BE-C17F-C74C5B58C094}.Debug|Any CPU.Build.0 = Debug|Any CPU
		{37418A9C-3FFB-62BE-C17F-C74C5B58C094}.Release|Any CPU.ActiveCfg = Release|Any CPU
		{37418A9C-3FFB-62BE-C17F-C74C5B58C094}.Release|Any CPU.Build.0 = Release|Any CPU
		{1AF26B10-2DE4-F817-D8F6-FA6F39147745}.Debug|Any CPU.ActiveCfg = Debug|Any CPU
		{1AF26B10-2DE4-F817-D8F6-FA6F39147745}.Debug|Any CPU.Build.0 = Debug|Any CPU
		{1AF26B10-2DE4-F817-D8F6-FA6F39147745}.Release|Any CPU.ActiveCfg = Release|Any CPU
		{1AF26B10-2DE4-F817-D8F6-FA6F39147745}.Release|Any CPU.Build.0 = Release|Any CPU
	EndGlobalSection
	GlobalSection(SolutionProperties) = preSolution
		HideSolutionNode = FALSE
	EndGlobalSection
EndGlobal
